// !$*UTF8*$!
{
	archiveVersion = 1;
	classes = {
	};
	objectVersion = 46;
	objects = {

/* Begin PBXBuildFile section */
		51A3564E4A85797F50A8E658 /* libPods.a in Frameworks */ = {isa = PBXBuildFile; fileRef = 1F3E69F282AB4432CF11BFC7 /* libPods.a */; };
		7C088D9819E631CA005A51D9 /* LocationManager.swift in Sources */ = {isa = PBXBuildFile; fileRef = 7C088D9719E631CA005A51D9 /* LocationManager.swift */; };
		7C088D9A19E631E2005A51D9 /* CoreLocation.framework in Frameworks */ = {isa = PBXBuildFile; fileRef = 7C088D9919E631E2005A51D9 /* CoreLocation.framework */; };
		7C088D9C19E63EE9005A51D9 /* BeaconFactory.swift in Sources */ = {isa = PBXBuildFile; fileRef = 7C088D9B19E63EE9005A51D9 /* BeaconFactory.swift */; };
		7C108D8919E66E6F0013C4A3 /* Location.swift in Sources */ = {isa = PBXBuildFile; fileRef = 7C108D8819E66E6F0013C4A3 /* Location.swift */; };
		7C108D8B19E66E6F0013C4A3 /* Message.swift in Sources */ = {isa = PBXBuildFile; fileRef = 7C108D8A19E66E6F0013C4A3 /* Message.swift */; };
		7C6109B019E793400082AC7B /* DevicesTableViewController.swift in Sources */ = {isa = PBXBuildFile; fileRef = 7C6109AF19E793400082AC7B /* DevicesTableViewController.swift */; };
		7C6109B219E793730082AC7B /* DevicesTableViewCell.swift in Sources */ = {isa = PBXBuildFile; fileRef = 7C6109B119E793730082AC7B /* DevicesTableViewCell.swift */; };
		7C6109B419E796E00082AC7B /* Extensions.swift in Sources */ = {isa = PBXBuildFile; fileRef = 7C6109B319E796E00082AC7B /* Extensions.swift */; };
		7C6109B619E797F30082AC7B /* AddDeviceViewController.swift in Sources */ = {isa = PBXBuildFile; fileRef = 7C6109B519E797F30082AC7B /* AddDeviceViewController.swift */; };
		7CD2B08619EB819F004D5A29 /* AVFoundation.framework in Frameworks */ = {isa = PBXBuildFile; fileRef = 7CD2B08519EB819F004D5A29 /* AVFoundation.framework */; };
		7CD2B08819EB81A8004D5A29 /* CoreData.framework in Frameworks */ = {isa = PBXBuildFile; fileRef = 7CD2B08719EB81A8004D5A29 /* CoreData.framework */; };
		8A76A0B119E63C590031202A /* NavigationController.swift in Sources */ = {isa = PBXBuildFile; fileRef = 8A76A0B019E63C590031202A /* NavigationController.swift */; };
		8A76A0B319E63DEC0031202A /* HomeViewController.swift in Sources */ = {isa = PBXBuildFile; fileRef = 8A76A0B219E63DEC0031202A /* HomeViewController.swift */; };
		8A9F0F6619E62C50007FB36B /* AppDelegate.swift in Sources */ = {isa = PBXBuildFile; fileRef = 8A9F0F6519E62C50007FB36B /* AppDelegate.swift */; };
		8A9F0F6919E62C50007FB36B /* remember.xcdatamodeld in Sources */ = {isa = PBXBuildFile; fileRef = 8A9F0F6719E62C50007FB36B /* remember.xcdatamodeld */; };
		8A9F0F6E19E62C50007FB36B /* Main.storyboard in Resources */ = {isa = PBXBuildFile; fileRef = 8A9F0F6C19E62C50007FB36B /* Main.storyboard */; };
		8A9F0F7019E62C50007FB36B /* Images.xcassets in Resources */ = {isa = PBXBuildFile; fileRef = 8A9F0F6F19E62C50007FB36B /* Images.xcassets */; };
		8A9F0F7319E62C50007FB36B /* LaunchScreen.xib in Resources */ = {isa = PBXBuildFile; fileRef = 8A9F0F7119E62C50007FB36B /* LaunchScreen.xib */; };
		8A9F0F7F19E62C50007FB36B /* rememberTests.swift in Sources */ = {isa = PBXBuildFile; fileRef = 8A9F0F7E19E62C50007FB36B /* rememberTests.swift */; };
		8ABFAA6519E6665700FCE6EF /* LocationsTableViewCell.swift in Sources */ = {isa = PBXBuildFile; fileRef = 8ABFAA6419E6665700FCE6EF /* LocationsTableViewCell.swift */; };
		8ABFAA6719E668DB00FCE6EF /* MessagesTableViewCell.swift in Sources */ = {isa = PBXBuildFile; fileRef = 8ABFAA6619E668DB00FCE6EF /* MessagesTableViewCell.swift */; };
		8ABFAA6919E67CEB00FCE6EF /* UnreadSpotView.swift in Sources */ = {isa = PBXBuildFile; fileRef = 8ABFAA6819E67CEB00FCE6EF /* UnreadSpotView.swift */; };
		8ABFAA6B19E68AB600FCE6EF /* RadioButton.swift in Sources */ = {isa = PBXBuildFile; fileRef = 8ABFAA6A19E68AB600FCE6EF /* RadioButton.swift */; };
		D116335019EC9AC100884C60 /* Crashlytics.framework in Frameworks */ = {isa = PBXBuildFile; fileRef = D116334F19EC9AC100884C60 /* Crashlytics.framework */; };
		D1EE65141A0740A600A65EF0 /* DevicesTableViewController.swift in Sources */ = {isa = PBXBuildFile; fileRef = 7C6109AF19E793400082AC7B /* DevicesTableViewController.swift */; };
		D1EE65151A0740A600A65EF0 /* HomeViewController.swift in Sources */ = {isa = PBXBuildFile; fileRef = 8A76A0B219E63DEC0031202A /* HomeViewController.swift */; };
		D1EE65161A0740A600A65EF0 /* MessagesTableViewCell.swift in Sources */ = {isa = PBXBuildFile; fileRef = 8ABFAA6619E668DB00FCE6EF /* MessagesTableViewCell.swift */; };
		D1EE65171A0740A600A65EF0 /* LocationsTableViewCell.swift in Sources */ = {isa = PBXBuildFile; fileRef = 8ABFAA6419E6665700FCE6EF /* LocationsTableViewCell.swift */; };
		D1EE65181A0740A600A65EF0 /* NavigationController.swift in Sources */ = {isa = PBXBuildFile; fileRef = 8A76A0B019E63C590031202A /* NavigationController.swift */; };
		D1EE65191A0740A600A65EF0 /* UnreadSpotView.swift in Sources */ = {isa = PBXBuildFile; fileRef = 8ABFAA6819E67CEB00FCE6EF /* UnreadSpotView.swift */; };
		D1EE651A1A0740A600A65EF0 /* AppDelegate.swift in Sources */ = {isa = PBXBuildFile; fileRef = 8A9F0F6519E62C50007FB36B /* AppDelegate.swift */; };
		D1EE651B1A0740A600A65EF0 /* RadioButton.swift in Sources */ = {isa = PBXBuildFile; fileRef = 8ABFAA6A19E68AB600FCE6EF /* RadioButton.swift */; };
		D1EE651C1A0740A600A65EF0 /* LocationManager.swift in Sources */ = {isa = PBXBuildFile; fileRef = 7C088D9719E631CA005A51D9 /* LocationManager.swift */; };
		D1EE651D1A0740A600A65EF0 /* remember.xcdatamodeld in Sources */ = {isa = PBXBuildFile; fileRef = 8A9F0F6719E62C50007FB36B /* remember.xcdatamodeld */; };
		D1EE651E1A0740A600A65EF0 /* Extensions.swift in Sources */ = {isa = PBXBuildFile; fileRef = 7C6109B319E796E00082AC7B /* Extensions.swift */; };
		D1EE651F1A0740A600A65EF0 /* DevicesTableViewCell.swift in Sources */ = {isa = PBXBuildFile; fileRef = 7C6109B119E793730082AC7B /* DevicesTableViewCell.swift */; };
		D1EE65201A0740A600A65EF0 /* BeaconFactory.swift in Sources */ = {isa = PBXBuildFile; fileRef = 7C088D9B19E63EE9005A51D9 /* BeaconFactory.swift */; };
		D1EE65211A0740A600A65EF0 /* Message.swift in Sources */ = {isa = PBXBuildFile; fileRef = 7C108D8A19E66E6F0013C4A3 /* Message.swift */; };
		D1EE65221A0740A600A65EF0 /* Location.swift in Sources */ = {isa = PBXBuildFile; fileRef = 7C108D8819E66E6F0013C4A3 /* Location.swift */; };
		D1EE65231A0740A600A65EF0 /* AddDeviceViewController.swift in Sources */ = {isa = PBXBuildFile; fileRef = 7C6109B519E797F30082AC7B /* AddDeviceViewController.swift */; };
		D1EE65251A0740A600A65EF0 /* CoreData.framework in Frameworks */ = {isa = PBXBuildFile; fileRef = 7CD2B08719EB81A8004D5A29 /* CoreData.framework */; };
		D1EE65261A0740A600A65EF0 /* AVFoundation.framework in Frameworks */ = {isa = PBXBuildFile; fileRef = 7CD2B08519EB819F004D5A29 /* AVFoundation.framework */; };
		D1EE65271A0740A600A65EF0 /* Crashlytics.framework in Frameworks */ = {isa = PBXBuildFile; fileRef = D116334F19EC9AC100884C60 /* Crashlytics.framework */; };
		D1EE65281A0740A600A65EF0 /* CoreLocation.framework in Frameworks */ = {isa = PBXBuildFile; fileRef = 7C088D9919E631E2005A51D9 /* CoreLocation.framework */; };
		D1EE65291A0740A600A65EF0 /* libPods.a in Frameworks */ = {isa = PBXBuildFile; fileRef = 1F3E69F282AB4432CF11BFC7 /* libPods.a */; };
		D1EE652B1A0740A600A65EF0 /* Main.storyboard in Resources */ = {isa = PBXBuildFile; fileRef = 8A9F0F6C19E62C50007FB36B /* Main.storyboard */; };
		D1EE652C1A0740A600A65EF0 /* LaunchScreen.xib in Resources */ = {isa = PBXBuildFile; fileRef = 8A9F0F7119E62C50007FB36B /* LaunchScreen.xib */; };
		D1EE652D1A0740A600A65EF0 /* Images.xcassets in Resources */ = {isa = PBXBuildFile; fileRef = 8A9F0F6F19E62C50007FB36B /* Images.xcassets */; };
		D1EE65361A07410800A65EF0 /* remember-appstore-Info.plist in Resources */ = {isa = PBXBuildFile; fileRef = D1EE65351A07410800A65EF0 /* remember-appstore-Info.plist */; };
/* End PBXBuildFile section */

/* Begin PBXContainerItemProxy section */
		8A9F0F7919E62C50007FB36B /* PBXContainerItemProxy */ = {
			isa = PBXContainerItemProxy;
			containerPortal = 8A9F0F5819E62C50007FB36B /* Project object */;
			proxyType = 1;
			remoteGlobalIDString = 8A9F0F5F19E62C50007FB36B;
			remoteInfo = remember;
		};
/* End PBXContainerItemProxy section */

/* Begin PBXFileReference section */
		1F3E69F282AB4432CF11BFC7 /* libPods.a */ = {isa = PBXFileReference; explicitFileType = archive.ar; includeInIndex = 0; path = libPods.a; sourceTree = BUILT_PRODUCTS_DIR; };
		755D3CD87A5D01880371D58E /* Pods.debug.xcconfig */ = {isa = PBXFileReference; includeInIndex = 1; lastKnownFileType = text.xcconfig; name = Pods.debug.xcconfig; path = "Pods/Target Support Files/Pods/Pods.debug.xcconfig"; sourceTree = "<group>"; };
		7A3F8885AEDF5801A23F6995 /* Pods.release.xcconfig */ = {isa = PBXFileReference; includeInIndex = 1; lastKnownFileType = text.xcconfig; name = Pods.release.xcconfig; path = "Pods/Target Support Files/Pods/Pods.release.xcconfig"; sourceTree = "<group>"; };
		7C088D9719E631CA005A51D9 /* LocationManager.swift */ = {isa = PBXFileReference; fileEncoding = 4; lastKnownFileType = sourcecode.swift; path = LocationManager.swift; sourceTree = "<group>"; };
		7C088D9919E631E2005A51D9 /* CoreLocation.framework */ = {isa = PBXFileReference; lastKnownFileType = wrapper.framework; name = CoreLocation.framework; path = System/Library/Frameworks/CoreLocation.framework; sourceTree = SDKROOT; };
		7C088D9B19E63EE9005A51D9 /* BeaconFactory.swift */ = {isa = PBXFileReference; fileEncoding = 4; lastKnownFileType = sourcecode.swift; path = BeaconFactory.swift; sourceTree = "<group>"; };
		7C108D8819E66E6F0013C4A3 /* Location.swift */ = {isa = PBXFileReference; fileEncoding = 4; lastKnownFileType = sourcecode.swift; name = Location.swift; path = Models/Location.swift; sourceTree = "<group>"; };
		7C108D8A19E66E6F0013C4A3 /* Message.swift */ = {isa = PBXFileReference; fileEncoding = 4; lastKnownFileType = sourcecode.swift; name = Message.swift; path = Models/Message.swift; sourceTree = "<group>"; };
		7C6109AF19E793400082AC7B /* DevicesTableViewController.swift */ = {isa = PBXFileReference; fileEncoding = 4; lastKnownFileType = sourcecode.swift; name = DevicesTableViewController.swift; path = Controllers/DevicesTableViewController.swift; sourceTree = "<group>"; };
		7C6109B119E793730082AC7B /* DevicesTableViewCell.swift */ = {isa = PBXFileReference; fileEncoding = 4; lastKnownFileType = sourcecode.swift; name = DevicesTableViewCell.swift; path = Views/DevicesTableViewCell.swift; sourceTree = "<group>"; };
		7C6109B319E796E00082AC7B /* Extensions.swift */ = {isa = PBXFileReference; fileEncoding = 4; lastKnownFileType = sourcecode.swift; name = Extensions.swift; path = Categories/Extensions.swift; sourceTree = "<group>"; };
		7C6109B519E797F30082AC7B /* AddDeviceViewController.swift */ = {isa = PBXFileReference; fileEncoding = 4; lastKnownFileType = sourcecode.swift; name = AddDeviceViewController.swift; path = Controllers/AddDeviceViewController.swift; sourceTree = "<group>"; };
		7CD2B08519EB819F004D5A29 /* AVFoundation.framework */ = {isa = PBXFileReference; lastKnownFileType = wrapper.framework; name = AVFoundation.framework; path = System/Library/Frameworks/AVFoundation.framework; sourceTree = SDKROOT; };
		7CD2B08719EB81A8004D5A29 /* CoreData.framework */ = {isa = PBXFileReference; lastKnownFileType = wrapper.framework; name = CoreData.framework; path = System/Library/Frameworks/CoreData.framework; sourceTree = SDKROOT; };
		8A76A0B019E63C590031202A /* NavigationController.swift */ = {isa = PBXFileReference; fileEncoding = 4; lastKnownFileType = sourcecode.swift; name = NavigationController.swift; path = Controllers/NavigationController.swift; sourceTree = "<group>"; };
		8A76A0B219E63DEC0031202A /* HomeViewController.swift */ = {isa = PBXFileReference; fileEncoding = 4; lastKnownFileType = sourcecode.swift; name = HomeViewController.swift; path = Controllers/HomeViewController.swift; sourceTree = "<group>"; };
		8A9F0F6019E62C50007FB36B /* remember.app */ = {isa = PBXFileReference; explicitFileType = wrapper.application; includeInIndex = 0; path = remember.app; sourceTree = BUILT_PRODUCTS_DIR; };
		8A9F0F6419E62C50007FB36B /* Info.plist */ = {isa = PBXFileReference; lastKnownFileType = text.plist.xml; path = Info.plist; sourceTree = "<group>"; };
		8A9F0F6519E62C50007FB36B /* AppDelegate.swift */ = {isa = PBXFileReference; lastKnownFileType = sourcecode.swift; path = AppDelegate.swift; sourceTree = "<group>"; };
		8A9F0F6819E62C50007FB36B /* remember.xcdatamodel */ = {isa = PBXFileReference; lastKnownFileType = wrapper.xcdatamodel; path = remember.xcdatamodel; sourceTree = "<group>"; };
		8A9F0F6D19E62C50007FB36B /* Base */ = {isa = PBXFileReference; lastKnownFileType = file.storyboard; name = Base; path = Base.lproj/Main.storyboard; sourceTree = "<group>"; };
		8A9F0F6F19E62C50007FB36B /* Images.xcassets */ = {isa = PBXFileReference; lastKnownFileType = folder.assetcatalog; path = Images.xcassets; sourceTree = "<group>"; };
		8A9F0F7219E62C50007FB36B /* Base */ = {isa = PBXFileReference; lastKnownFileType = file.xib; name = Base; path = Base.lproj/LaunchScreen.xib; sourceTree = "<group>"; };
		8A9F0F7819E62C50007FB36B /* rememberTests.xctest */ = {isa = PBXFileReference; explicitFileType = wrapper.cfbundle; includeInIndex = 0; path = rememberTests.xctest; sourceTree = BUILT_PRODUCTS_DIR; };
		8A9F0F7D19E62C50007FB36B /* Info.plist */ = {isa = PBXFileReference; lastKnownFileType = text.plist.xml; path = Info.plist; sourceTree = "<group>"; };
		8A9F0F7E19E62C50007FB36B /* rememberTests.swift */ = {isa = PBXFileReference; lastKnownFileType = sourcecode.swift; path = rememberTests.swift; sourceTree = "<group>"; };
		8ABFAA6419E6665700FCE6EF /* LocationsTableViewCell.swift */ = {isa = PBXFileReference; fileEncoding = 4; lastKnownFileType = sourcecode.swift; name = LocationsTableViewCell.swift; path = Views/LocationsTableViewCell.swift; sourceTree = "<group>"; };
		8ABFAA6619E668DB00FCE6EF /* MessagesTableViewCell.swift */ = {isa = PBXFileReference; fileEncoding = 4; lastKnownFileType = sourcecode.swift; name = MessagesTableViewCell.swift; path = Views/MessagesTableViewCell.swift; sourceTree = "<group>"; };
		8ABFAA6819E67CEB00FCE6EF /* UnreadSpotView.swift */ = {isa = PBXFileReference; fileEncoding = 4; lastKnownFileType = sourcecode.swift; name = UnreadSpotView.swift; path = Views/UnreadSpotView.swift; sourceTree = "<group>"; };
		8ABFAA6A19E68AB600FCE6EF /* RadioButton.swift */ = {isa = PBXFileReference; fileEncoding = 4; lastKnownFileType = sourcecode.swift; name = RadioButton.swift; path = Views/RadioButton.swift; sourceTree = "<group>"; };
		D116334F19EC9AC100884C60 /* Crashlytics.framework */ = {isa = PBXFileReference; lastKnownFileType = wrapper.framework; path = Crashlytics.framework; sourceTree = "<group>"; };
		D116335319ECA9BC00884C60 /* Bridging-Header.h */ = {isa = PBXFileReference; lastKnownFileType = sourcecode.c.h; name = "Bridging-Header.h"; path = "Remember/Bridging-Header.h"; sourceTree = SOURCE_ROOT; };
		D1EE65331A0740A600A65EF0 /* remember.app */ = {isa = PBXFileReference; explicitFileType = wrapper.application; includeInIndex = 0; path = remember.app; sourceTree = BUILT_PRODUCTS_DIR; };
		D1EE65351A07410800A65EF0 /* remember-appstore-Info.plist */ = {isa = PBXFileReference; fileEncoding = 4; lastKnownFileType = text.plist.xml; name = "remember-appstore-Info.plist"; path = "Remember/remember-appstore-Info.plist"; sourceTree = SOURCE_ROOT; };
/* End PBXFileReference section */

/* Begin PBXFrameworksBuildPhase section */
		8A9F0F5D19E62C50007FB36B /* Frameworks */ = {
			isa = PBXFrameworksBuildPhase;
			buildActionMask = 2147483647;
			files = (
				7CD2B08819EB81A8004D5A29 /* CoreData.framework in Frameworks */,
				7CD2B08619EB819F004D5A29 /* AVFoundation.framework in Frameworks */,
				D116335019EC9AC100884C60 /* Crashlytics.framework in Frameworks */,
				7C088D9A19E631E2005A51D9 /* CoreLocation.framework in Frameworks */,
				51A3564E4A85797F50A8E658 /* libPods.a in Frameworks */,
			);
			runOnlyForDeploymentPostprocessing = 0;
		};
		8A9F0F7519E62C50007FB36B /* Frameworks */ = {
			isa = PBXFrameworksBuildPhase;
			buildActionMask = 2147483647;
			files = (
			);
			runOnlyForDeploymentPostprocessing = 0;
		};
		D1EE65241A0740A600A65EF0 /* Frameworks */ = {
			isa = PBXFrameworksBuildPhase;
			buildActionMask = 2147483647;
			files = (
				D1EE65251A0740A600A65EF0 /* CoreData.framework in Frameworks */,
				D1EE65261A0740A600A65EF0 /* AVFoundation.framework in Frameworks */,
				D1EE65271A0740A600A65EF0 /* Crashlytics.framework in Frameworks */,
				D1EE65281A0740A600A65EF0 /* CoreLocation.framework in Frameworks */,
				D1EE65291A0740A600A65EF0 /* libPods.a in Frameworks */,
			);
			runOnlyForDeploymentPostprocessing = 0;
		};
/* End PBXFrameworksBuildPhase section */

/* Begin PBXGroup section */
		67DAFC6B37B33186C3400580 /* Frameworks */ = {
			isa = PBXGroup;
			children = (
				1F3E69F282AB4432CF11BFC7 /* libPods.a */,
			);
			name = Frameworks;
			sourceTree = "<group>";
		};
		7C108D8619E66DB90013C4A3 /* Models */ = {
			isa = PBXGroup;
			children = (
				8A9F0F6719E62C50007FB36B /* remember.xcdatamodeld */,
				7C108D8A19E66E6F0013C4A3 /* Message.swift */,
				7C108D8819E66E6F0013C4A3 /* Location.swift */,
				7C108D8719E66DBC0013C4A3 /* Factories */,
			);
			name = Models;
			sourceTree = "<group>";
		};
		7C108D8719E66DBC0013C4A3 /* Factories */ = {
			isa = PBXGroup;
			children = (
				7C088D9B19E63EE9005A51D9 /* BeaconFactory.swift */,
			);
			name = Factories;
			sourceTree = "<group>";
		};
		8A76A0AF19E63C3D0031202A /* Controllers */ = {
			isa = PBXGroup;
			children = (
				8A76A0B019E63C590031202A /* NavigationController.swift */,
				8A76A0B219E63DEC0031202A /* HomeViewController.swift */,
				7C6109AF19E793400082AC7B /* DevicesTableViewController.swift */,
				7C6109B519E797F30082AC7B /* AddDeviceViewController.swift */,
			);
			name = Controllers;
			sourceTree = "<group>";
		};
		8A76A0B419E63FA80031202A /* Views */ = {
			isa = PBXGroup;
			children = (
				8ABFAA6419E6665700FCE6EF /* LocationsTableViewCell.swift */,
				8ABFAA6619E668DB00FCE6EF /* MessagesTableViewCell.swift */,
				7C6109B119E793730082AC7B /* DevicesTableViewCell.swift */,
				8ABFAA6A19E68AB600FCE6EF /* RadioButton.swift */,
				8ABFAA6819E67CEB00FCE6EF /* UnreadSpotView.swift */,
			);
			name = Views;
			sourceTree = "<group>";
		};
		8A9F0F5719E62C50007FB36B = {
			isa = PBXGroup;
			children = (
				7CD2B08719EB81A8004D5A29 /* CoreData.framework */,
				7CD2B08519EB819F004D5A29 /* AVFoundation.framework */,
				D116334F19EC9AC100884C60 /* Crashlytics.framework */,
				7C088D9919E631E2005A51D9 /* CoreLocation.framework */,
				8A9F0F6219E62C50007FB36B /* remember */,
				8A9F0F7B19E62C50007FB36B /* rememberTests */,
				8A9F0F6119E62C50007FB36B /* Products */,
				FD16DCCA948595CBB2AD651F /* Pods */,
				67DAFC6B37B33186C3400580 /* Frameworks */,
			);
			sourceTree = "<group>";
		};
		8A9F0F6119E62C50007FB36B /* Products */ = {
			isa = PBXGroup;
			children = (
				8A9F0F6019E62C50007FB36B /* remember.app */,
				8A9F0F7819E62C50007FB36B /* rememberTests.xctest */,
				D1EE65331A0740A600A65EF0 /* remember.app */,
			);
			name = Products;
			sourceTree = "<group>";
		};
		8A9F0F6219E62C50007FB36B /* remember */ = {
			isa = PBXGroup;
			children = (
				8ABFAA9E19E77C8B00FCE6EF /* Categories */,
				7C108D8619E66DB90013C4A3 /* Models */,
				8A76A0B419E63FA80031202A /* Views */,
				8A76A0AF19E63C3D0031202A /* Controllers */,
				8A9F0F6519E62C50007FB36B /* AppDelegate.swift */,
				7C088D9719E631CA005A51D9 /* LocationManager.swift */,
				8A9F0F6C19E62C50007FB36B /* Main.storyboard */,
				8A9F0F7119E62C50007FB36B /* LaunchScreen.xib */,
				8A9F0F6F19E62C50007FB36B /* Images.xcassets */,
				8A9F0F6319E62C50007FB36B /* Supporting Files */,
			);
			path = remember;
			sourceTree = "<group>";
		};
		8A9F0F6319E62C50007FB36B /* Supporting Files */ = {
			isa = PBXGroup;
			children = (
				D1EE65351A07410800A65EF0 /* remember-appstore-Info.plist */,
				8A9F0F6419E62C50007FB36B /* Info.plist */,
				D116335319ECA9BC00884C60 /* Bridging-Header.h */,
			);
			name = "Supporting Files";
			sourceTree = "<group>";
		};
		8A9F0F7B19E62C50007FB36B /* rememberTests */ = {
			isa = PBXGroup;
			children = (
				8A9F0F7E19E62C50007FB36B /* rememberTests.swift */,
				8A9F0F7C19E62C50007FB36B /* Supporting Files */,
			);
			path = rememberTests;
			sourceTree = "<group>";
		};
		8A9F0F7C19E62C50007FB36B /* Supporting Files */ = {
			isa = PBXGroup;
			children = (
				8A9F0F7D19E62C50007FB36B /* Info.plist */,
			);
			name = "Supporting Files";
			sourceTree = "<group>";
		};
		8ABFAA9E19E77C8B00FCE6EF /* Categories */ = {
			isa = PBXGroup;
			children = (
				7C6109B319E796E00082AC7B /* Extensions.swift */,
			);
			name = Categories;
			sourceTree = "<group>";
		};
		FD16DCCA948595CBB2AD651F /* Pods */ = {
			isa = PBXGroup;
			children = (
				755D3CD87A5D01880371D58E /* Pods.debug.xcconfig */,
				7A3F8885AEDF5801A23F6995 /* Pods.release.xcconfig */,
			);
			name = Pods;
			sourceTree = "<group>";
		};
/* End PBXGroup section */

/* Begin PBXNativeTarget section */
		8A9F0F5F19E62C50007FB36B /* remember */ = {
			isa = PBXNativeTarget;
			buildConfigurationList = 8A9F0F8219E62C50007FB36B /* Build configuration list for PBXNativeTarget "remember" */;
			buildPhases = (
				C790A5F8938E3DAF9A821408 /* Check Pods Manifest.lock */,
				8A9F0F5C19E62C50007FB36B /* Sources */,
				8A9F0F5D19E62C50007FB36B /* Frameworks */,
				8A9F0F5E19E62C50007FB36B /* Resources */,
				D116334E19EC9A7700884C60 /* ShellScript */,
				E43D9636DB049E06D4EE2F45 /* Copy Pods Resources */,
			);
			buildRules = (
			);
			dependencies = (
			);
			name = remember;
			productName = remember;
			productReference = 8A9F0F6019E62C50007FB36B /* remember.app */;
			productType = "com.apple.product-type.application";
		};
		8A9F0F7719E62C50007FB36B /* rememberTests */ = {
			isa = PBXNativeTarget;
			buildConfigurationList = 8A9F0F8519E62C50007FB36B /* Build configuration list for PBXNativeTarget "rememberTests" */;
			buildPhases = (
				8A9F0F7419E62C50007FB36B /* Sources */,
				8A9F0F7519E62C50007FB36B /* Frameworks */,
				8A9F0F7619E62C50007FB36B /* Resources */,
			);
			buildRules = (
			);
			dependencies = (
				8A9F0F7A19E62C50007FB36B /* PBXTargetDependency */,
			);
			name = rememberTests;
			productName = rememberTests;
			productReference = 8A9F0F7819E62C50007FB36B /* rememberTests.xctest */;
			productType = "com.apple.product-type.bundle.unit-test";
		};
		D1EE65111A0740A600A65EF0 /* remember-appstore */ = {
			isa = PBXNativeTarget;
			buildConfigurationList = D1EE65301A0740A600A65EF0 /* Build configuration list for PBXNativeTarget "remember-appstore" */;
			buildPhases = (
				D1EE65121A0740A600A65EF0 /* Check Pods Manifest.lock */,
				D1EE65131A0740A600A65EF0 /* Sources */,
				D1EE65241A0740A600A65EF0 /* Frameworks */,
				D1EE652A1A0740A600A65EF0 /* Resources */,
				D1EE652E1A0740A600A65EF0 /* ShellScript */,
				D1EE652F1A0740A600A65EF0 /* Copy Pods Resources */,
			);
			buildRules = (
			);
			dependencies = (
			);
			name = "remember-appstore";
			productName = remember;
			productReference = D1EE65331A0740A600A65EF0 /* remember.app */;
			productType = "com.apple.product-type.application";
		};
/* End PBXNativeTarget section */

/* Begin PBXProject section */
		8A9F0F5819E62C50007FB36B /* Project object */ = {
			isa = PBXProject;
			attributes = {
				LastUpgradeCheck = 0600;
				ORGANIZATIONNAME = Reque.st;
				TargetAttributes = {
					8A9F0F5F19E62C50007FB36B = {
						CreatedOnToolsVersion = 6.0.1;
						DevelopmentTeam = 49V87TT95M;
					};
					8A9F0F7719E62C50007FB36B = {
						CreatedOnToolsVersion = 6.0.1;
						TestTargetID = 8A9F0F5F19E62C50007FB36B;
					};
					D1EE65111A0740A600A65EF0 = {
						DevelopmentTeam = 26P59ZGBPB;
					};
				};
			};
			buildConfigurationList = 8A9F0F5B19E62C50007FB36B /* Build configuration list for PBXProject "remember" */;
			compatibilityVersion = "Xcode 3.2";
			developmentRegion = English;
			hasScannedForEncodings = 0;
			knownRegions = (
				en,
				Base,
			);
			mainGroup = 8A9F0F5719E62C50007FB36B;
			productRefGroup = 8A9F0F6119E62C50007FB36B /* Products */;
			projectDirPath = "";
			projectRoot = "";
			targets = (
				8A9F0F5F19E62C50007FB36B /* remember */,
				8A9F0F7719E62C50007FB36B /* rememberTests */,
				D1EE65111A0740A600A65EF0 /* remember-appstore */,
			);
		};
/* End PBXProject section */

/* Begin PBXResourcesBuildPhase section */
		8A9F0F5E19E62C50007FB36B /* Resources */ = {
			isa = PBXResourcesBuildPhase;
			buildActionMask = 2147483647;
			files = (
				8A9F0F6E19E62C50007FB36B /* Main.storyboard in Resources */,
				D1EE65361A07410800A65EF0 /* remember-appstore-Info.plist in Resources */,
				8A9F0F7319E62C50007FB36B /* LaunchScreen.xib in Resources */,
				8A9F0F7019E62C50007FB36B /* Images.xcassets in Resources */,
			);
			runOnlyForDeploymentPostprocessing = 0;
		};
		8A9F0F7619E62C50007FB36B /* Resources */ = {
			isa = PBXResourcesBuildPhase;
			buildActionMask = 2147483647;
			files = (
			);
			runOnlyForDeploymentPostprocessing = 0;
		};
		D1EE652A1A0740A600A65EF0 /* Resources */ = {
			isa = PBXResourcesBuildPhase;
			buildActionMask = 2147483647;
			files = (
				D1EE652B1A0740A600A65EF0 /* Main.storyboard in Resources */,
				D1EE652C1A0740A600A65EF0 /* LaunchScreen.xib in Resources */,
				D1EE652D1A0740A600A65EF0 /* Images.xcassets in Resources */,
			);
			runOnlyForDeploymentPostprocessing = 0;
		};
/* End PBXResourcesBuildPhase section */

/* Begin PBXShellScriptBuildPhase section */
		C790A5F8938E3DAF9A821408 /* Check Pods Manifest.lock */ = {
			isa = PBXShellScriptBuildPhase;
			buildActionMask = 2147483647;
			files = (
			);
			inputPaths = (
			);
			name = "Check Pods Manifest.lock";
			outputPaths = (
			);
			runOnlyForDeploymentPostprocessing = 0;
			shellPath = /bin/sh;
			shellScript = "diff \"${PODS_ROOT}/../Podfile.lock\" \"${PODS_ROOT}/Manifest.lock\" > /dev/null\nif [[ $? != 0 ]] ; then\n    cat << EOM\nerror: The sandbox is not in sync with the Podfile.lock. Run 'pod install' or update your CocoaPods installation.\nEOM\n    exit 1\nfi\n";
			showEnvVarsInLog = 0;
		};
		D116334E19EC9A7700884C60 /* ShellScript */ = {
			isa = PBXShellScriptBuildPhase;
			buildActionMask = 2147483647;
			files = (
			);
			inputPaths = (
			);
			outputPaths = (
			);
			runOnlyForDeploymentPostprocessing = 0;
			shellPath = /bin/sh;
			shellScript = "./Crashlytics.framework/run a73df0ceadf9f0995f97da85f3a3ca791c3e0de1 bf3ab1034c5cd75609e3800f03579bcde8e8b5508ad8217db336d49533c768c0";
		};
		D1EE65121A0740A600A65EF0 /* Check Pods Manifest.lock */ = {
			isa = PBXShellScriptBuildPhase;
			buildActionMask = 2147483647;
			files = (
			);
			inputPaths = (
			);
			name = "Check Pods Manifest.lock";
			outputPaths = (
			);
			runOnlyForDeploymentPostprocessing = 0;
			shellPath = /bin/sh;
			shellScript = "diff \"${PODS_ROOT}/../Podfile.lock\" \"${PODS_ROOT}/Manifest.lock\" > /dev/null\nif [[ $? != 0 ]] ; then\n    cat << EOM\nerror: The sandbox is not in sync with the Podfile.lock. Run 'pod install' or update your CocoaPods installation.\nEOM\n    exit 1\nfi\n";
			showEnvVarsInLog = 0;
		};
		D1EE652E1A0740A600A65EF0 /* ShellScript */ = {
			isa = PBXShellScriptBuildPhase;
			buildActionMask = 2147483647;
			files = (
			);
			inputPaths = (
			);
			outputPaths = (
			);
			runOnlyForDeploymentPostprocessing = 0;
			shellPath = /bin/sh;
			shellScript = "./Crashlytics.framework/run a73df0ceadf9f0995f97da85f3a3ca791c3e0de1 bf3ab1034c5cd75609e3800f03579bcde8e8b5508ad8217db336d49533c768c0";
		};
		D1EE652F1A0740A600A65EF0 /* Copy Pods Resources */ = {
			isa = PBXShellScriptBuildPhase;
			buildActionMask = 2147483647;
			files = (
			);
			inputPaths = (
			);
			name = "Copy Pods Resources";
			outputPaths = (
			);
			runOnlyForDeploymentPostprocessing = 0;
			shellPath = /bin/sh;
			shellScript = "\"${SRCROOT}/Pods/Target Support Files/Pods/Pods-resources.sh\"\n";
			showEnvVarsInLog = 0;
		};
		E43D9636DB049E06D4EE2F45 /* Copy Pods Resources */ = {
			isa = PBXShellScriptBuildPhase;
			buildActionMask = 2147483647;
			files = (
			);
			inputPaths = (
			);
			name = "Copy Pods Resources";
			outputPaths = (
			);
			runOnlyForDeploymentPostprocessing = 0;
			shellPath = /bin/sh;
			shellScript = "\"${SRCROOT}/Pods/Target Support Files/Pods/Pods-resources.sh\"\n";
			showEnvVarsInLog = 0;
		};
/* End PBXShellScriptBuildPhase section */

/* Begin PBXSourcesBuildPhase section */
		8A9F0F5C19E62C50007FB36B /* Sources */ = {
			isa = PBXSourcesBuildPhase;
			buildActionMask = 2147483647;
			files = (
				7C6109B019E793400082AC7B /* DevicesTableViewController.swift in Sources */,
				8A76A0B319E63DEC0031202A /* HomeViewController.swift in Sources */,
				8ABFAA6719E668DB00FCE6EF /* MessagesTableViewCell.swift in Sources */,
				8ABFAA6519E6665700FCE6EF /* LocationsTableViewCell.swift in Sources */,
				8A76A0B119E63C590031202A /* NavigationController.swift in Sources */,
				8ABFAA6919E67CEB00FCE6EF /* UnreadSpotView.swift in Sources */,
				8A9F0F6619E62C50007FB36B /* AppDelegate.swift in Sources */,
				8ABFAA6B19E68AB600FCE6EF /* RadioButton.swift in Sources */,
				7C088D9819E631CA005A51D9 /* LocationManager.swift in Sources */,
				8A9F0F6919E62C50007FB36B /* remember.xcdatamodeld in Sources */,
				7C6109B419E796E00082AC7B /* Extensions.swift in Sources */,
				7C6109B219E793730082AC7B /* DevicesTableViewCell.swift in Sources */,
				7C088D9C19E63EE9005A51D9 /* BeaconFactory.swift in Sources */,
				7C108D8B19E66E6F0013C4A3 /* Message.swift in Sources */,
				7C108D8919E66E6F0013C4A3 /* Location.swift in Sources */,
				7C6109B619E797F30082AC7B /* AddDeviceViewController.swift in Sources */,
			);
			runOnlyForDeploymentPostprocessing = 0;
		};
		8A9F0F7419E62C50007FB36B /* Sources */ = {
			isa = PBXSourcesBuildPhase;
			buildActionMask = 2147483647;
			files = (
				8A9F0F7F19E62C50007FB36B /* rememberTests.swift in Sources */,
			);
			runOnlyForDeploymentPostprocessing = 0;
		};
		D1EE65131A0740A600A65EF0 /* Sources */ = {
			isa = PBXSourcesBuildPhase;
			buildActionMask = 2147483647;
			files = (
				D1EE65141A0740A600A65EF0 /* DevicesTableViewController.swift in Sources */,
				D1EE65151A0740A600A65EF0 /* HomeViewController.swift in Sources */,
				D1EE65161A0740A600A65EF0 /* MessagesTableViewCell.swift in Sources */,
				D1EE65171A0740A600A65EF0 /* LocationsTableViewCell.swift in Sources */,
				D1EE65181A0740A600A65EF0 /* NavigationController.swift in Sources */,
				D1EE65191A0740A600A65EF0 /* UnreadSpotView.swift in Sources */,
				D1EE651A1A0740A600A65EF0 /* AppDelegate.swift in Sources */,
				D1EE651B1A0740A600A65EF0 /* RadioButton.swift in Sources */,
				D1EE651C1A0740A600A65EF0 /* LocationManager.swift in Sources */,
				D1EE651D1A0740A600A65EF0 /* remember.xcdatamodeld in Sources */,
				D1EE651E1A0740A600A65EF0 /* Extensions.swift in Sources */,
				D1EE651F1A0740A600A65EF0 /* DevicesTableViewCell.swift in Sources */,
				D1EE65201A0740A600A65EF0 /* BeaconFactory.swift in Sources */,
				D1EE65211A0740A600A65EF0 /* Message.swift in Sources */,
				D1EE65221A0740A600A65EF0 /* Location.swift in Sources */,
				D1EE65231A0740A600A65EF0 /* AddDeviceViewController.swift in Sources */,
			);
			runOnlyForDeploymentPostprocessing = 0;
		};
/* End PBXSourcesBuildPhase section */

/* Begin PBXTargetDependency section */
		8A9F0F7A19E62C50007FB36B /* PBXTargetDependency */ = {
			isa = PBXTargetDependency;
			target = 8A9F0F5F19E62C50007FB36B /* remember */;
			targetProxy = 8A9F0F7919E62C50007FB36B /* PBXContainerItemProxy */;
		};
/* End PBXTargetDependency section */

/* Begin PBXVariantGroup section */
		8A9F0F6C19E62C50007FB36B /* Main.storyboard */ = {
			isa = PBXVariantGroup;
			children = (
				8A9F0F6D19E62C50007FB36B /* Base */,
			);
			name = Main.storyboard;
			sourceTree = "<group>";
		};
		8A9F0F7119E62C50007FB36B /* LaunchScreen.xib */ = {
			isa = PBXVariantGroup;
			children = (
				8A9F0F7219E62C50007FB36B /* Base */,
			);
			name = LaunchScreen.xib;
			sourceTree = "<group>";
		};
/* End PBXVariantGroup section */

/* Begin XCBuildConfiguration section */
		8A9F0F8019E62C50007FB36B /* Debug */ = {
			isa = XCBuildConfiguration;
			buildSettings = {
				ALWAYS_SEARCH_USER_PATHS = NO;
				CLANG_CXX_LANGUAGE_STANDARD = "gnu++0x";
				CLANG_CXX_LIBRARY = "libc++";
				CLANG_ENABLE_MODULES = YES;
				CLANG_ENABLE_OBJC_ARC = YES;
				CLANG_WARN_BOOL_CONVERSION = YES;
				CLANG_WARN_CONSTANT_CONVERSION = YES;
				CLANG_WARN_DIRECT_OBJC_ISA_USAGE = YES_ERROR;
				CLANG_WARN_EMPTY_BODY = YES;
				CLANG_WARN_ENUM_CONVERSION = YES;
				CLANG_WARN_INT_CONVERSION = YES;
				CLANG_WARN_OBJC_ROOT_CLASS = YES_ERROR;
				CLANG_WARN_UNREACHABLE_CODE = YES;
				CLANG_WARN__DUPLICATE_METHOD_MATCH = YES;
				"CODE_SIGN_IDENTITY[sdk=iphoneos*]" = "iPhone Developer";
				COPY_PHASE_STRIP = NO;
				ENABLE_STRICT_OBJC_MSGSEND = YES;
				GCC_C_LANGUAGE_STANDARD = gnu99;
				GCC_DYNAMIC_NO_PIC = NO;
				GCC_OPTIMIZATION_LEVEL = 0;
				GCC_PREPROCESSOR_DEFINITIONS = (
					"DEBUG=1",
					"$(inherited)",
				);
				GCC_SYMBOLS_PRIVATE_EXTERN = NO;
				GCC_WARN_64_TO_32_BIT_CONVERSION = YES;
				GCC_WARN_ABOUT_RETURN_TYPE = YES_ERROR;
				GCC_WARN_UNDECLARED_SELECTOR = YES;
				GCC_WARN_UNINITIALIZED_AUTOS = YES_AGGRESSIVE;
				GCC_WARN_UNUSED_FUNCTION = YES;
				GCC_WARN_UNUSED_VARIABLE = YES;
				IPHONEOS_DEPLOYMENT_TARGET = 8.0;
				MTL_ENABLE_DEBUG_INFO = YES;
				ONLY_ACTIVE_ARCH = YES;
				SDKROOT = iphoneos;
				SWIFT_OPTIMIZATION_LEVEL = "-Onone";
				TARGETED_DEVICE_FAMILY = "1,2";
			};
			name = Debug;
		};
		8A9F0F8119E62C50007FB36B /* Release */ = {
			isa = XCBuildConfiguration;
			buildSettings = {
				ALWAYS_SEARCH_USER_PATHS = NO;
				CLANG_CXX_LANGUAGE_STANDARD = "gnu++0x";
				CLANG_CXX_LIBRARY = "libc++";
				CLANG_ENABLE_MODULES = YES;
				CLANG_ENABLE_OBJC_ARC = YES;
				CLANG_WARN_BOOL_CONVERSION = YES;
				CLANG_WARN_CONSTANT_CONVERSION = YES;
				CLANG_WARN_DIRECT_OBJC_ISA_USAGE = YES_ERROR;
				CLANG_WARN_EMPTY_BODY = YES;
				CLANG_WARN_ENUM_CONVERSION = YES;
				CLANG_WARN_INT_CONVERSION = YES;
				CLANG_WARN_OBJC_ROOT_CLASS = YES_ERROR;
				CLANG_WARN_UNREACHABLE_CODE = YES;
				CLANG_WARN__DUPLICATE_METHOD_MATCH = YES;
				"CODE_SIGN_IDENTITY[sdk=iphoneos*]" = "iPhone Developer";
				COPY_PHASE_STRIP = YES;
				ENABLE_NS_ASSERTIONS = NO;
				ENABLE_STRICT_OBJC_MSGSEND = YES;
				GCC_C_LANGUAGE_STANDARD = gnu99;
				GCC_WARN_64_TO_32_BIT_CONVERSION = YES;
				GCC_WARN_ABOUT_RETURN_TYPE = YES_ERROR;
				GCC_WARN_UNDECLARED_SELECTOR = YES;
				GCC_WARN_UNINITIALIZED_AUTOS = YES_AGGRESSIVE;
				GCC_WARN_UNUSED_FUNCTION = YES;
				GCC_WARN_UNUSED_VARIABLE = YES;
				IPHONEOS_DEPLOYMENT_TARGET = 8.0;
				MTL_ENABLE_DEBUG_INFO = NO;
				SDKROOT = iphoneos;
				TARGETED_DEVICE_FAMILY = "1,2";
				VALIDATE_PRODUCT = YES;
			};
			name = Release;
		};
		8A9F0F8319E62C50007FB36B /* Debug */ = {
			isa = XCBuildConfiguration;
			baseConfigurationReference = 755D3CD87A5D01880371D58E /* Pods.debug.xcconfig */;
			buildSettings = {
				ASSETCATALOG_COMPILER_APPICON_NAME = AppIcon;
				ASSETCATALOG_COMPILER_LAUNCHIMAGE_NAME = LaunchImage;
				CODE_SIGN_IDENTITY = "iPhone Developer";
				FRAMEWORK_SEARCH_PATHS = (
					"$(inherited)",
					"$(PROJECT_DIR)",
				);
				INFOPLIST_FILE = remember/Info.plist;
				IPHONEOS_DEPLOYMENT_TARGET = 7.0;
				LD_RUNPATH_SEARCH_PATHS = "$(inherited) @executable_path/Frameworks";
				PRODUCT_NAME = "$(TARGET_NAME)";
				SWIFT_OBJC_BRIDGING_HEADER = "remember/Bridging-Header.h";
				TARGETED_DEVICE_FAMILY = "1,2";
			};
			name = Debug;
		};
		8A9F0F8419E62C50007FB36B /* Release */ = {
			isa = XCBuildConfiguration;
			baseConfigurationReference = 7A3F8885AEDF5801A23F6995 /* Pods.release.xcconfig */;
			buildSettings = {
				ASSETCATALOG_COMPILER_APPICON_NAME = AppIcon;
				ASSETCATALOG_COMPILER_LAUNCHIMAGE_NAME = LaunchImage;
				CODE_SIGN_IDENTITY = "iPhone Distribution: STAY REAL LIMITED";
				FRAMEWORK_SEARCH_PATHS = (
					"$(inherited)",
					"$(PROJECT_DIR)",
				);
				INFOPLIST_FILE = remember/Info.plist;
				IPHONEOS_DEPLOYMENT_TARGET = 7.0;
				LD_RUNPATH_SEARCH_PATHS = "$(inherited) @executable_path/Frameworks";
				PRODUCT_NAME = "$(TARGET_NAME)";
				PROVISIONING_PROFILE = "41e0d675-9610-4162-8b8f-905de4b3da1d";
				SWIFT_OBJC_BRIDGING_HEADER = "remember/Bridging-Header.h";
				TARGETED_DEVICE_FAMILY = "1,2";
			};
			name = Release;
		};
		8A9F0F8619E62C50007FB36B /* Debug */ = {
			isa = XCBuildConfiguration;
			buildSettings = {
				BUNDLE_LOADER = "$(TEST_HOST)";
				FRAMEWORK_SEARCH_PATHS = (
					"$(SDKROOT)/Developer/Library/Frameworks",
					"$(inherited)",
				);
				GCC_PREPROCESSOR_DEFINITIONS = (
					"DEBUG=1",
					"$(inherited)",
				);
				INFOPLIST_FILE = rememberTests/Info.plist;
				LD_RUNPATH_SEARCH_PATHS = "$(inherited) @executable_path/Frameworks @loader_path/Frameworks";
				PRODUCT_NAME = "$(TARGET_NAME)";
				TEST_HOST = "$(BUILT_PRODUCTS_DIR)/remember.app/remember";
			};
			name = Debug;
		};
		8A9F0F8719E62C50007FB36B /* Release */ = {
			isa = XCBuildConfiguration;
			buildSettings = {
				BUNDLE_LOADER = "$(TEST_HOST)";
				FRAMEWORK_SEARCH_PATHS = (
					"$(SDKROOT)/Developer/Library/Frameworks",
					"$(inherited)",
				);
				INFOPLIST_FILE = rememberTests/Info.plist;
				LD_RUNPATH_SEARCH_PATHS = "$(inherited) @executable_path/Frameworks @loader_path/Frameworks";
				PRODUCT_NAME = "$(TARGET_NAME)";
				TEST_HOST = "$(BUILT_PRODUCTS_DIR)/remember.app/remember";
			};
			name = Release;
		};
		D1EE65311A0740A600A65EF0 /* Debug */ = {
			isa = XCBuildConfiguration;
			baseConfigurationReference = 755D3CD87A5D01880371D58E /* Pods.debug.xcconfig */;
			buildSettings = {
				ASSETCATALOG_COMPILER_APPICON_NAME = AppIcon;
				ASSETCATALOG_COMPILER_LAUNCHIMAGE_NAME = LaunchImage;
				CODE_SIGN_IDENTITY = "iPhone Developer";
				FRAMEWORK_SEARCH_PATHS = (
					"$(inherited)",
					"$(PROJECT_DIR)",
				);
				INFOPLIST_FILE = "$(SRCROOT)/Remember/remember-appstore-Info.plist";
				IPHONEOS_DEPLOYMENT_TARGET = 7.0;
				LD_RUNPATH_SEARCH_PATHS = "$(inherited) @executable_path/Frameworks";
				PRODUCT_NAME = remember;
				SWIFT_OBJC_BRIDGING_HEADER = "remember/Bridging-Header.h";
				TARGETED_DEVICE_FAMILY = 1;
			};
			name = Debug;
		};
		D1EE65321A0740A600A65EF0 /* Release */ = {
			isa = XCBuildConfiguration;
			baseConfigurationReference = 7A3F8885AEDF5801A23F6995 /* Pods.release.xcconfig */;
			buildSettings = {
				ASSETCATALOG_COMPILER_APPICON_NAME = AppIcon;
				ASSETCATALOG_COMPILER_LAUNCHIMAGE_NAME = LaunchImage;
				CODE_SIGN_IDENTITY = "iPhone Distribution: STAY REAL LIMITED (26P59ZGBPB)";
				FRAMEWORK_SEARCH_PATHS = (
					"$(inherited)",
					"$(PROJECT_DIR)",
				);
				INFOPLIST_FILE = "$(SRCROOT)/Remember/remember-appstore-Info.plist";
				IPHONEOS_DEPLOYMENT_TARGET = 7.0;
				LD_RUNPATH_SEARCH_PATHS = "$(inherited) @executable_path/Frameworks";
				PRODUCT_NAME = remember;
				PROVISIONING_PROFILE = "e5011255-8b41-4362-9b20-cae6e4151b2e";
				SWIFT_OBJC_BRIDGING_HEADER = "remember/Bridging-Header.h";
				TARGETED_DEVICE_FAMILY = 1;
			};
			name = Release;
		};
/* End XCBuildConfiguration section */

/* Begin XCConfigurationList section */
		8A9F0F5B19E62C50007FB36B /* Build configuration list for PBXProject "remember" */ = {
			isa = XCConfigurationList;
			buildConfigurations = (
				8A9F0F8019E62C50007FB36B /* Debug */,
				8A9F0F8119E62C50007FB36B /* Release */,
			);
			defaultConfigurationIsVisible = 0;
			defaultConfigurationName = Release;
		};
		8A9F0F8219E62C50007FB36B /* Build configuration list for PBXNativeTarget "remember" */ = {
			isa = XCConfigurationList;
			buildConfigurations = (
				8A9F0F8319E62C50007FB36B /* Debug */,
				8A9F0F8419E62C50007FB36B /* Release */,
			);
			defaultConfigurationIsVisible = 0;
			defaultConfigurationName = Release;
		};
		8A9F0F8519E62C50007FB36B /* Build configuration list for PBXNativeTarget "rememberTests" */ = {
			isa = XCConfigurationList;
			buildConfigurations = (
				8A9F0F8619E62C50007FB36B /* Debug */,
				8A9F0F8719E62C50007FB36B /* Release */,
			);
			defaultConfigurationIsVisible = 0;
			defaultConfigurationName = Release;
		};
		D1EE65301A0740A600A65EF0 /* Build configuration list for PBXNativeTarget "remember-appstore" */ = {
			isa = XCConfigurationList;
			buildConfigurations = (
				D1EE65311A0740A600A65EF0 /* Debug */,
				D1EE65321A0740A600A65EF0 /* Release */,
			);
			defaultConfigurationIsVisible = 0;
			defaultConfigurationName = Release;
		};
/* End XCConfigurationList section */

/* Begin XCVersionGroup section */
		8A9F0F6719E62C50007FB36B /* remember.xcdatamodeld */ = {
			isa = XCVersionGroup;
			children = (
				8A9F0F6819E62C50007FB36B /* remember.xcdatamodel */,
			);
			currentVersion = 8A9F0F6819E62C50007FB36B /* remember.xcdatamodel */;
			path = remember.xcdatamodeld;
			sourceTree = "<group>";
			versionGroupType = wrapper.xcdatamodel;
		};
/* End XCVersionGroup section */
	};
	rootObject = 8A9F0F5819E62C50007FB36B /* Project object */;
}
